Microsoft Visual Studio Solution File, Format Version 11.00
# Visual Studio 2008

Project("{BCEB66F8-5D0D-A32D-F9D8-9BA16AE01095}") = "brickanoid-unityproject", "Assembly-CSharp-vs.csproj", "{DA96E159-E57F-6309-9E02-F4EF25E5E742}"
EndProject
Global
	GlobalSection(SolutionConfigurationPlatforms) = preSolution
		Debug|Any CPU = Debug|Any CPU
		Release|Any CPU = Release|Any CPU
	EndGlobalSection
	GlobalSection(ProjectConfigurationPlatforms) = postSolution
		{DA96E159-E57F-6309-9E02-F4EF25E5E742}.Debug|Any CPU.ActiveCfg = Debug|Any CPU
		{DA96E159-E57F-6309-9E02-F4EF25E5E742}.Debug|Any CPU.Build.0 = Debug|Any CPU
		{DA96E159-E57F-6309-9E02-F4EF25E5E742}.Release|Any CPU.ActiveCfg = Release|Any CPU
		{DA96E159-E57F-6309-9E02-F4EF25E5E742}.Release|Any CPU.Build.0 = Release|Any CPU
	EndGlobalSection
	GlobalSection(SolutionProperties) = preSolution
		HideSolutionNode = FALSE
	EndGlobalSection
																	GlobalSection(MonoDevelopProperties) = preSolution
		StartupItem = Assembly-CSharp.csproj
		Policies = $0
		$0.TextStylePolicy = $1
		$1.inheritsSet = null
		$1.scope = text/x-csharp
		$0.CSharpFormattingPolicy = $2
		$2.inheritsSet = Mono
		$2.inheritsScope = text/x-csharp
		$2.scope = text/x-csharp
		$0.TextStylePolicy = $3
		$3.FileWidth = 120
		$3.TabWidth = 4
		$3.EolMarker = Unix
		$3.inheritsSet = Mono
		$3.inheritsScope = text/plain
		$3.scope = text/plain
	EndGlobalSection

EndGlobal
